
Microsoft Visual Studio Solution File, Format Version 12.00
# Visual Studio Version 16
VisualStudioVersion = 16.0.30114.105
MinimumVisualStudioVersion = 10.0.40219.1
Project("{FAE04EC0-301F-11D3-BF4B-00C04F79EFBC}") = "Replikit.Abstractions", "src\core\Replikit.Abstractions\src\Replikit.Abstractions.csproj", "{4C009FAD-E10C-4F60-8870-2DA732908480}"
EndProject
Project("{FAE04EC0-301F-11D3-BF4B-00C04F79EFBC}") = "Replikit.Core", "src\core\Replikit.Core\src\Replikit.Core.csproj", "{B785A2D6-6050-41E1-A86C-7A39EF2DBD67}"
EndProject
Project("{2150E333-8FDC-42A3-9474-1A3956D46DE8}") = "Replikit.Adapters", "Replikit.Adapters", "{AE73BD86-274A-47B9-B6C5-2EF3A82F2463}"
EndProject
Project("{2150E333-8FDC-42A3-9474-1A3956D46DE8}") = "Replikit.Extensions", "Replikit.Extensions", "{A4C8D70F-D0DD-4A28-B2AC-FEBD84B44CB0}"
EndProject
Project("{FAE04EC0-301F-11D3-BF4B-00C04F79EFBC}") = "Replikit.Adapters.Common", "src\adapters\Replikit.Adapters.Common\src\Replikit.Adapters.Common.csproj", "{B734EC02-56EB-4B74-A4E7-F958B193D96D}"
EndProject
Project("{FAE04EC0-301F-11D3-BF4B-00C04F79EFBC}") = "Replikit.Extensions.Views", "src\extensions\Replikit.Extensions.Views\src\Replikit.Extensions.Views.csproj", "{49558D14-3C1C-4428-81B4-7E16DC437DE6}"
EndProject
Project("{2150E333-8FDC-42A3-9474-1A3956D46DE8}") = "Replikit.Examples", "Replikit.Examples", "{EE38BB64-AE26-48CE-B1EC-087C6B537669}"
EndProject
Project("{FAE04EC0-301F-11D3-BF4B-00C04F79EFBC}") = "Replikit.Examples", "examples\Replikit.Examples\Replikit.Examples.csproj", "{4E480E80-E99B-4C07-8BB8-9ACE9938BB6A}"
EndProject
Project("{FAE04EC0-301F-11D3-BF4B-00C04F79EFBC}") = "Replikit.Examples.Messages", "examples\Replikit.Examples.Messages\Replikit.Examples.Messages.csproj", "{77D388B9-161A-48C8-9C2E-085D6E8E3C9B}"
EndProject
Project("{FAE04EC0-301F-11D3-BF4B-00C04F79EFBC}") = "Replikit.Examples.AdapterServices", "examples\Replikit.Examples.AdapterServices\Replikit.Examples.AdapterServices.csproj", "{52A27E93-3F6C-4B14-AC54-43E68846BEB9}"
EndProject
Project("{FAE04EC0-301F-11D3-BF4B-00C04F79EFBC}") = "Replikit.Examples.Views", "examples\Replikit.Examples.Views\Replikit.Examples.Views.csproj", "{5A05E2BA-45AC-46ED-B1C8-93785362B933}"
EndProject
Project("{FAE04EC0-301F-11D3-BF4B-00C04F79EFBC}") = "Replikit.Examples.State", "examples\Replikit.Examples.State\Replikit.Examples.State.csproj", "{89CA8E43-699D-4C5F-A69B-CD5521B05096}"
EndProject
Project("{FAE04EC0-301F-11D3-BF4B-00C04F79EFBC}") = "Replikit.Templates", "templates\Replikit.Templates.csproj", "{794F5746-1D90-4223-B886-9DABDE26E192}"
EndProject
Project("{FAE04EC0-301F-11D3-BF4B-00C04F79EFBC}") = "Replikit.Extensions.State", "src\extensions\Replikit.Extensions.State\src\Replikit.Extensions.State.csproj", "{FC63313D-928B-4612-9987-A0B22076B868}"
EndProject
Project("{FAE04EC0-301F-11D3-BF4B-00C04F79EFBC}") = "Replikit.Adapters.Telegram", "src\adapters\Replikit.Adapters.Telegram\src\Replikit.Adapters.Telegram\Replikit.Adapters.Telegram.csproj", "{F37B6AB2-987A-420E-B1ED-D7204C7D478E}"
EndProject
Project("{FAE04EC0-301F-11D3-BF4B-00C04F79EFBC}") = "Replikit.Adapters.Telegram.Abstractions", "src\adapters\Replikit.Adapters.Telegram\src\Replikit.Adapters.Telegram.Abstractions\Replikit.Adapters.Telegram.Abstractions.csproj", "{FF43AEB0-B5CE-4477-88D6-3D713AEFECF7}"
EndProject
Project("{FAE04EC0-301F-11D3-BF4B-00C04F79EFBC}") = "Replikit.Examples.EntityFrameworkCore", "examples\Replikit.Examples.EntityFrameworkCore\Replikit.Examples.EntityFrameworkCore.csproj", "{D00A3CFE-CEA2-4625-B402-6C1993D9413A}"
EndProject
Project("{FAE04EC0-301F-11D3-BF4B-00C04F79EFBC}") = "Replikit.Examples.MongoDB", "examples\Replikit.Examples.MongoDB\Replikit.Examples.MongoDB.csproj", "{E2A2B089-A89F-4C48-86DB-FCC0CC85B94E}"
EndProject
Project("{2150E333-8FDC-42A3-9474-1A3956D46DE8}") = "Replikit.Integrations", "Replikit.Integrations", "{EA9EA24D-7DA4-4AF0-B020-1890B8132250}"
EndProject
Project("{FAE04EC0-301F-11D3-BF4B-00C04F79EFBC}") = "Replikit.Integrations.EntityFrameworkCore", "src\integrations\Replikit.Integrations.EntityFrameworkCore\src\Replikit.Integrations.EntityFrameworkCore.csproj", "{8CFFE6A1-53D8-4C56-8EF8-10D8092384B3}"
EndProject
Project("{FAE04EC0-301F-11D3-BF4B-00C04F79EFBC}") = "Replikit.Integrations.MongoDB", "src\integrations\Replikit.Integrations.MongoDB\src\Replikit.Integrations.MongoDB.csproj", "{5D995DF8-941E-49B7-BA90-18542A271A2D}"
EndProject
Project("{FAE04EC0-301F-11D3-BF4B-00C04F79EFBC}") = "Replikit.Extensions.Users", "src\extensions\Replikit.Extensions.Users\src\Replikit.Extensions.Users.csproj", "{0E06F8E3-8BA8-464D-BCCA-A6388170D85C}"
EndProject
Project("{FAE04EC0-301F-11D3-BF4B-00C04F79EFBC}") = "Replikit.Examples.Users", "examples\Replikit.Examples.Users\Replikit.Examples.Users.csproj", "{E1DC6BDE-6492-413A-935F-E3DEB5943D1C}"
EndProject
Project("{2150E333-8FDC-42A3-9474-1A3956D46DE8}") = "Replikit.Core", "Replikit.Core", "{E18F2796-8369-4322-986A-E8D4719ABC58}"
EndProject
Project("{FAE04EC0-301F-11D3-BF4B-00C04F79EFBC}") = "Replikit.Core.Tests", "src\core\Replikit.Core\tests\Replikit.Core.Tests.csproj", "{AC51D20E-49AD-409F-B12A-8D3833BDC30B}"
EndProject
Project("{FAE04EC0-301F-11D3-BF4B-00C04F79EFBC}") = "Replikit.Core.Hosting", "src\core\Replikit.Core.Hosting\src\Replikit.Core.Hosting.csproj", "{88E27341-CD3F-4041-9C08-EB2C37F19771}"
EndProject
Global
	GlobalSection(SolutionConfigurationPlatforms) = preSolution
		Debug|Any CPU = Debug|Any CPU
		Release|Any CPU = Release|Any CPU
	EndGlobalSection
	GlobalSection(SolutionProperties) = preSolution
		HideSolutionNode = FALSE
	EndGlobalSection
	GlobalSection(ProjectConfigurationPlatforms) = postSolution
		{4C009FAD-E10C-4F60-8870-2DA732908480}.Debug|Any CPU.ActiveCfg = Debug|Any CPU
		{4C009FAD-E10C-4F60-8870-2DA732908480}.Debug|Any CPU.Build.0 = Debug|Any CPU
		{4C009FAD-E10C-4F60-8870-2DA732908480}.Release|Any CPU.ActiveCfg = Release|Any CPU
		{4C009FAD-E10C-4F60-8870-2DA732908480}.Release|Any CPU.Build.0 = Release|Any CPU
		{B785A2D6-6050-41E1-A86C-7A39EF2DBD67}.Debug|Any CPU.ActiveCfg = Debug|Any CPU
		{B785A2D6-6050-41E1-A86C-7A39EF2DBD67}.Debug|Any CPU.Build.0 = Debug|Any CPU
		{B785A2D6-6050-41E1-A86C-7A39EF2DBD67}.Release|Any CPU.ActiveCfg = Release|Any CPU
		{B785A2D6-6050-41E1-A86C-7A39EF2DBD67}.Release|Any CPU.Build.0 = Release|Any CPU
		{B734EC02-56EB-4B74-A4E7-F958B193D96D}.Debug|Any CPU.ActiveCfg = Debug|Any CPU
		{B734EC02-56EB-4B74-A4E7-F958B193D96D}.Debug|Any CPU.Build.0 = Debug|Any CPU
		{B734EC02-56EB-4B74-A4E7-F958B193D96D}.Release|Any CPU.ActiveCfg = Release|Any CPU
		{B734EC02-56EB-4B74-A4E7-F958B193D96D}.Release|Any CPU.Build.0 = Release|Any CPU
		{49558D14-3C1C-4428-81B4-7E16DC437DE6}.Debug|Any CPU.ActiveCfg = Debug|Any CPU
		{49558D14-3C1C-4428-81B4-7E16DC437DE6}.Debug|Any CPU.Build.0 = Debug|Any CPU
		{49558D14-3C1C-4428-81B4-7E16DC437DE6}.Release|Any CPU.ActiveCfg = Release|Any CPU
		{49558D14-3C1C-4428-81B4-7E16DC437DE6}.Release|Any CPU.Build.0 = Release|Any CPU
		{4E480E80-E99B-4C07-8BB8-9ACE9938BB6A}.Debug|Any CPU.ActiveCfg = Debug|Any CPU
		{4E480E80-E99B-4C07-8BB8-9ACE9938BB6A}.Debug|Any CPU.Build.0 = Debug|Any CPU
		{4E480E80-E99B-4C07-8BB8-9ACE9938BB6A}.Release|Any CPU.ActiveCfg = Release|Any CPU
		{4E480E80-E99B-4C07-8BB8-9ACE9938BB6A}.Release|Any CPU.Build.0 = Release|Any CPU
		{77D388B9-161A-48C8-9C2E-085D6E8E3C9B}.Debug|Any CPU.ActiveCfg = Debug|Any CPU
		{77D388B9-161A-48C8-9C2E-085D6E8E3C9B}.Debug|Any CPU.Build.0 = Debug|Any CPU
		{77D388B9-161A-48C8-9C2E-085D6E8E3C9B}.Release|Any CPU.ActiveCfg = Release|Any CPU
		{77D388B9-161A-48C8-9C2E-085D6E8E3C9B}.Release|Any CPU.Build.0 = Release|Any CPU
		{52A27E93-3F6C-4B14-AC54-43E68846BEB9}.Debug|Any CPU.ActiveCfg = Debug|Any CPU
		{52A27E93-3F6C-4B14-AC54-43E68846BEB9}.Debug|Any CPU.Build.0 = Debug|Any CPU
		{52A27E93-3F6C-4B14-AC54-43E68846BEB9}.Release|Any CPU.ActiveCfg = Release|Any CPU
		{52A27E93-3F6C-4B14-AC54-43E68846BEB9}.Release|Any CPU.Build.0 = Release|Any CPU
		{5A05E2BA-45AC-46ED-B1C8-93785362B933}.Debug|Any CPU.ActiveCfg = Debug|Any CPU
		{5A05E2BA-45AC-46ED-B1C8-93785362B933}.Debug|Any CPU.Build.0 = Debug|Any CPU
		{5A05E2BA-45AC-46ED-B1C8-93785362B933}.Release|Any CPU.ActiveCfg = Release|Any CPU
		{5A05E2BA-45AC-46ED-B1C8-93785362B933}.Release|Any CPU.Build.0 = Release|Any CPU
		{89CA8E43-699D-4C5F-A69B-CD5521B05096}.Debug|Any CPU.ActiveCfg = Debug|Any CPU
		{89CA8E43-699D-4C5F-A69B-CD5521B05096}.Debug|Any CPU.Build.0 = Debug|Any CPU
		{89CA8E43-699D-4C5F-A69B-CD5521B05096}.Release|Any CPU.ActiveCfg = Release|Any CPU
		{89CA8E43-699D-4C5F-A69B-CD5521B05096}.Release|Any CPU.Build.0 = Release|Any CPU
		{794F5746-1D90-4223-B886-9DABDE26E192}.Debug|Any CPU.ActiveCfg = Debug|Any CPU
		{794F5746-1D90-4223-B886-9DABDE26E192}.Debug|Any CPU.Build.0 = Debug|Any CPU
		{794F5746-1D90-4223-B886-9DABDE26E192}.Release|Any CPU.ActiveCfg = Release|Any CPU
		{794F5746-1D90-4223-B886-9DABDE26E192}.Release|Any CPU.Build.0 = Release|Any CPU
		{FC63313D-928B-4612-9987-A0B22076B868}.Debug|Any CPU.ActiveCfg = Debug|Any CPU
		{FC63313D-928B-4612-9987-A0B22076B868}.Debug|Any CPU.Build.0 = Debug|Any CPU
		{FC63313D-928B-4612-9987-A0B22076B868}.Release|Any CPU.ActiveCfg = Release|Any CPU
		{FC63313D-928B-4612-9987-A0B22076B868}.Release|Any CPU.Build.0 = Release|Any CPU
		{F37B6AB2-987A-420E-B1ED-D7204C7D478E}.Debug|Any CPU.ActiveCfg = Debug|Any CPU
		{F37B6AB2-987A-420E-B1ED-D7204C7D478E}.Debug|Any CPU.Build.0 = Debug|Any CPU
		{F37B6AB2-987A-420E-B1ED-D7204C7D478E}.Release|Any CPU.ActiveCfg = Release|Any CPU
		{F37B6AB2-987A-420E-B1ED-D7204C7D478E}.Release|Any CPU.Build.0 = Release|Any CPU
		{FF43AEB0-B5CE-4477-88D6-3D713AEFECF7}.Debug|Any CPU.ActiveCfg = Debug|Any CPU
		{FF43AEB0-B5CE-4477-88D6-3D713AEFECF7}.Debug|Any CPU.Build.0 = Debug|Any CPU
		{FF43AEB0-B5CE-4477-88D6-3D713AEFECF7}.Release|Any CPU.ActiveCfg = Release|Any CPU
		{FF43AEB0-B5CE-4477-88D6-3D713AEFECF7}.Release|Any CPU.Build.0 = Release|Any CPU
		{D00A3CFE-CEA2-4625-B402-6C1993D9413A}.Debug|Any CPU.ActiveCfg = Debug|Any CPU
		{D00A3CFE-CEA2-4625-B402-6C1993D9413A}.Debug|Any CPU.Build.0 = Debug|Any CPU
		{D00A3CFE-CEA2-4625-B402-6C1993D9413A}.Release|Any CPU.ActiveCfg = Release|Any CPU
		{D00A3CFE-CEA2-4625-B402-6C1993D9413A}.Release|Any CPU.Build.0 = Release|Any CPU
		{E2A2B089-A89F-4C48-86DB-FCC0CC85B94E}.Debug|Any CPU.ActiveCfg = Debug|Any CPU
		{E2A2B089-A89F-4C48-86DB-FCC0CC85B94E}.Debug|Any CPU.Build.0 = Debug|Any CPU
		{E2A2B089-A89F-4C48-86DB-FCC0CC85B94E}.Release|Any CPU.ActiveCfg = Release|Any CPU
		{E2A2B089-A89F-4C48-86DB-FCC0CC85B94E}.Release|Any CPU.Build.0 = Release|Any CPU
		{8CFFE6A1-53D8-4C56-8EF8-10D8092384B3}.Debug|Any CPU.ActiveCfg = Debug|Any CPU
		{8CFFE6A1-53D8-4C56-8EF8-10D8092384B3}.Debug|Any CPU.Build.0 = Debug|Any CPU
		{8CFFE6A1-53D8-4C56-8EF8-10D8092384B3}.Release|Any CPU.ActiveCfg = Release|Any CPU
		{8CFFE6A1-53D8-4C56-8EF8-10D8092384B3}.Release|Any CPU.Build.0 = Release|Any CPU
		{5D995DF8-941E-49B7-BA90-18542A271A2D}.Debug|Any CPU.ActiveCfg = Debug|Any CPU
		{5D995DF8-941E-49B7-BA90-18542A271A2D}.Debug|Any CPU.Build.0 = Debug|Any CPU
		{5D995DF8-941E-49B7-BA90-18542A271A2D}.Release|Any CPU.ActiveCfg = Release|Any CPU
		{5D995DF8-941E-49B7-BA90-18542A271A2D}.Release|Any CPU.Build.0 = Release|Any CPU
		{0E06F8E3-8BA8-464D-BCCA-A6388170D85C}.Debug|Any CPU.ActiveCfg = Debug|Any CPU
		{0E06F8E3-8BA8-464D-BCCA-A6388170D85C}.Debug|Any CPU.Build.0 = Debug|Any CPU
		{0E06F8E3-8BA8-464D-BCCA-A6388170D85C}.Release|Any CPU.ActiveCfg = Release|Any CPU
		{0E06F8E3-8BA8-464D-BCCA-A6388170D85C}.Release|Any CPU.Build.0 = Release|Any CPU
		{E1DC6BDE-6492-413A-935F-E3DEB5943D1C}.Debug|Any CPU.ActiveCfg = Debug|Any CPU
		{E1DC6BDE-6492-413A-935F-E3DEB5943D1C}.Debug|Any CPU.Build.0 = Debug|Any CPU
		{E1DC6BDE-6492-413A-935F-E3DEB5943D1C}.Release|Any CPU.ActiveCfg = Release|Any CPU
		{E1DC6BDE-6492-413A-935F-E3DEB5943D1C}.Release|Any CPU.Build.0 = Release|Any CPU
		{AC51D20E-49AD-409F-B12A-8D3833BDC30B}.Debug|Any CPU.ActiveCfg = Debug|Any CPU
		{AC51D20E-49AD-409F-B12A-8D3833BDC30B}.Debug|Any CPU.Build.0 = Debug|Any CPU
		{AC51D20E-49AD-409F-B12A-8D3833BDC30B}.Release|Any CPU.ActiveCfg = Release|Any CPU
		{AC51D20E-49AD-409F-B12A-8D3833BDC30B}.Release|Any CPU.Build.0 = Release|Any CPU
		{88E27341-CD3F-4041-9C08-EB2C37F19771}.Debug|Any CPU.ActiveCfg = Debug|Any CPU
		{88E27341-CD3F-4041-9C08-EB2C37F19771}.Debug|Any CPU.Build.0 = Debug|Any CPU
		{88E27341-CD3F-4041-9C08-EB2C37F19771}.Release|Any CPU.ActiveCfg = Release|Any CPU
		{88E27341-CD3F-4041-9C08-EB2C37F19771}.Release|Any CPU.Build.0 = Release|Any CPU
	EndGlobalSection
	GlobalSection(NestedProjects) = preSolution
		{B734EC02-56EB-4B74-A4E7-F958B193D96D} = {AE73BD86-274A-47B9-B6C5-2EF3A82F2463}
		{49558D14-3C1C-4428-81B4-7E16DC437DE6} = {A4C8D70F-D0DD-4A28-B2AC-FEBD84B44CB0}
		{4E480E80-E99B-4C07-8BB8-9ACE9938BB6A} = {EE38BB64-AE26-48CE-B1EC-087C6B537669}
		{77D388B9-161A-48C8-9C2E-085D6E8E3C9B} = {EE38BB64-AE26-48CE-B1EC-087C6B537669}
		{52A27E93-3F6C-4B14-AC54-43E68846BEB9} = {EE38BB64-AE26-48CE-B1EC-087C6B537669}
		{5A05E2BA-45AC-46ED-B1C8-93785362B933} = {EE38BB64-AE26-48CE-B1EC-087C6B537669}
		{89CA8E43-699D-4C5F-A69B-CD5521B05096} = {EE38BB64-AE26-48CE-B1EC-087C6B537669}
		{FC63313D-928B-4612-9987-A0B22076B868} = {A4C8D70F-D0DD-4A28-B2AC-FEBD84B44CB0}
		{F37B6AB2-987A-420E-B1ED-D7204C7D478E} = {AE73BD86-274A-47B9-B6C5-2EF3A82F2463}
		{FF43AEB0-B5CE-4477-88D6-3D713AEFECF7} = {AE73BD86-274A-47B9-B6C5-2EF3A82F2463}
		{D00A3CFE-CEA2-4625-B402-6C1993D9413A} = {EE38BB64-AE26-48CE-B1EC-087C6B537669}
		{E2A2B089-A89F-4C48-86DB-FCC0CC85B94E} = {EE38BB64-AE26-48CE-B1EC-087C6B537669}
		{8CFFE6A1-53D8-4C56-8EF8-10D8092384B3} = {EA9EA24D-7DA4-4AF0-B020-1890B8132250}
		{5D995DF8-941E-49B7-BA90-18542A271A2D} = {EA9EA24D-7DA4-4AF0-B020-1890B8132250}
		{0E06F8E3-8BA8-464D-BCCA-A6388170D85C} = {A4C8D70F-D0DD-4A28-B2AC-FEBD84B44CB0}
		{E1DC6BDE-6492-413A-935F-E3DEB5943D1C} = {EE38BB64-AE26-48CE-B1EC-087C6B537669}
		{B785A2D6-6050-41E1-A86C-7A39EF2DBD67} = {E18F2796-8369-4322-986A-E8D4719ABC58}
		{AC51D20E-49AD-409F-B12A-8D3833BDC30B} = {E18F2796-8369-4322-986A-E8D4719ABC58}
		{88E27341-CD3F-4041-9C08-EB2C37F19771} = {E18F2796-8369-4322-986A-E8D4719ABC58}
	EndGlobalSection
EndGlobal
